// !$*UTF8*$!
{
	archiveVersion = 1;
	classes = {
	};
	objectVersion = 46;
	objects = {

/* Begin PBXFileReference section */
		04432D1F15EA740D00AE0D6A /* Processing.py */ = {isa = PBXFileReference; fileEncoding = 4; lastKnownFileType = text.script.python; name = Processing.py; path = ../Processing.py; sourceTree = SOURCE_ROOT; };
		04432D2015EA740D00AE0D6A /* Proton8.py */ = {isa = PBXFileReference; fileEncoding = 4; lastKnownFileType = text.script.python; name = Proton8.py; path = ../Proton8.py; sourceTree = "<group>"; };
		0444E67215F3AF040036D6C2 /* Project.py */ = {isa = PBXFileReference; fileEncoding = 4; lastKnownFileType = text.script.python; name = Project.py; path = ../Project.py; sourceTree = SOURCE_ROOT; };
		0444E67315F3AF040036D6C2 /* Refinement.py */ = {isa = PBXFileReference; fileEncoding = 4; lastKnownFileType = text.script.python; name = Refinement.py; path = ../Refinement.py; sourceTree = SOURCE_ROOT; };
		0444E67415F3AF040036D6C2 /* Shelx.py */ = {isa = PBXFileReference; fileEncoding = 4; lastKnownFileType = text.script.python; name = Shelx.py; path = ../Shelx.py; sourceTree = SOURCE_ROOT; };
		0465B9CF160F7371000BAC4C /* Tab.py */ = {isa = PBXFileReference; fileEncoding = 4; lastKnownFileType = text.script.python; name = Tab.py; path = ../Tab.py; sourceTree = SOURCE_ROOT; };
		0489963B15F6684600F4F676 /* Manager.py */ = {isa = PBXFileReference; fileEncoding = 4; lastKnownFileType = text.script.python; name = Manager.py; path = ../Manager.py; sourceTree = SOURCE_ROOT; };
		04A1EEE815F90050003B36AB /* ShelxData.py */ = {isa = PBXFileReference; fileEncoding = 4; lastKnownFileType = text.script.python; name = ShelxData.py; path = ../ShelxData.py; sourceTree = SOURCE_ROOT; };
		04B1A02015FE798500B20C53 /* Error.py */ = {isa = PBXFileReference; fileEncoding = 4; lastKnownFileType = text.script.python; name = Error.py; path = ../Error.py; sourceTree = SOURCE_ROOT; };
		04D54D2316FF7EA200895CDC /* PDBTools.py */ = {isa = PBXFileReference; fileEncoding = 4; lastKnownFileType = text.script.python; name = PDBTools.py; path = ../PDBTools.py; sourceTree = SOURCE_ROOT; };
		04D54D2416FF7EA900895CDC /* Settings.py */ = {isa = PBXFileReference; fileEncoding = 4; lastKnownFileType = text.script.python; name = Settings.py; path = ../Settings.py; sourceTree = SOURCE_ROOT; };
		203AB3C6164BA59E004951D1 /* AutoProcess.py */ = {isa = PBXFileReference; fileEncoding = 4; lastKnownFileType = text.script.python; name = AutoProcess.py; path = ../AutoProcess.py; sourceTree = "<group>"; };
		204D1616164517E6001854F4 /* Validation.py */ = {isa = PBXFileReference; fileEncoding = 4; lastKnownFileType = text.script.python; name = Validation.py; path = ../Validation.py; sourceTree = "<group>"; };
		2052CF331646BDD700B676DA /* BondLengths.py */ = {isa = PBXFileReference; lastKnownFileType = text.script.python; name = BondLengths.py; path = ../BondLengths.py; sourceTree = "<group>"; };
		2052CF341647B46E00B676DA /* Constants.py */ = {isa = PBXFileReference; fileEncoding = 4; lastKnownFileType = text.script.python; name = Constants.py; path = ../Constants.py; sourceTree = "<group>"; };
		2052CF35164836B900B676DA /* Compare.py */ = {isa = PBXFileReference; fileEncoding = 4; lastKnownFileType = text.script.python; name = Compare.py; path = ../Compare.py; sourceTree = "<group>"; };
		205F3C06164957AC00B39E58 /* pqqc_shelx.ins */ = {isa = PBXFileReference; lastKnownFileType = text; name = pqqc_shelx.ins; path = ../test/pqqc_shelx.ins; sourceTree = "<group>"; };
		205F3C07164957E100B39E58 /* y175f_unrest6_ls.ins */ = {isa = PBXFileReference; lastKnownFileType = text; name = y175f_unrest6_ls.ins; path = ../data/pqqc/y175f_unrest6_ls.ins; sourceTree = "<group>"; };
		205F3C08164A50E600B39E58 /* chi_volumes.txt */ = {isa = PBXFileReference; fileEncoding = 4; lastKnownFileType = text; path = chi_volumes.txt; sourceTree = "<group>"; };
		206665F615EB9917001A4123 /* Analyse.py */ = {isa = PBXFileReference; fileEncoding = 4; lastKnownFileType = text.script.python; name = Analyse.py; path = ../Analyse.py; sourceTree = SOURCE_ROOT; };
		209FCDA21653977A005A8647 /* Controls.py */ = {isa = PBXFileReference; fileEncoding = 4; lastKnownFileType = text.script.python; name = Controls.py; path = ../Controls.py; sourceTree = "<group>"; };
		20FD470815F73B2600EAED08 /* Coot.py */ = {isa = PBXFileReference; fileEncoding = 4; lastKnownFileType = text.script.python; name = Coot.py; path = ../Coot.py; sourceTree = SOURCE_ROOT; };
		EC892C251714665500C895BF /* Ligand.py */ = {isa = PBXFileReference; lastKnownFileType = text.script.python; name = Ligand.py; path = ../Ligand.py; sourceTree = "<group>"; };
/* End PBXFileReference section */

/* Begin PBXGroup section */
		04432D1215EA73FA00AE0D6A = {
			isa = PBXGroup;
			children = (
				04432D2015EA740D00AE0D6A /* Proton8.py */,
				0465B9CF160F7371000BAC4C /* Tab.py */,
				203AB3CB164C6C56004951D1 /* Tabs */,
				203AB3CA164C6BCB004951D1 /* Manager */,
				203AB3C7164C5FB8004951D1 /* Processing */,
				203AB3C9164C6BC0004951D1 /* Misc */,
				203AB3C8164C6BAF004951D1 /* Plugins */,
				205F3C08164A50E600B39E58 /* chi_volumes.txt */,
				205F3C06164957AC00B39E58 /* pqqc_shelx.ins */,
				205F3C07164957E100B39E58 /* y175f_unrest6_ls.ins */,
			);
			sourceTree = "<group>";
		};
		203AB3C7164C5FB8004951D1 /* Processing */ = {
			isa = PBXGroup;
			children = (
				204D1616164517E6001854F4 /* Validation.py */,
				2052CF331646BDD700B676DA /* BondLengths.py */,
				EC892C251714665500C895BF /* Ligand.py */,
				203AB3C6164BA59E004951D1 /* AutoProcess.py */,
				0444E67315F3AF040036D6C2 /* Refinement.py */,
			);
			name = Processing;
			sourceTree = "<group>";
		};
		203AB3C8164C6BAF004951D1 /* Plugins */ = {
			isa = PBXGroup;
			children = (
				20FD470815F73B2600EAED08 /* Coot.py */,
			);
			name = Plugins;
			sourceTree = "<group>";
		};
		203AB3C9164C6BC0004951D1 /* Misc */ = {
			isa = PBXGroup;
			children = (
				04D54D2316FF7EA200895CDC /* PDBTools.py */,
				209FCDA21653977A005A8647 /* Controls.py */,
				0444E67415F3AF040036D6C2 /* Shelx.py */,
				04A1EEE815F90050003B36AB /* ShelxData.py */,
				04B1A02015FE798500B20C53 /* Error.py */,
				2052CF341647B46E00B676DA /* Constants.py */,
			);
			name = Misc;
			sourceTree = "<group>";
		};
		203AB3CA164C6BCB004951D1 /* Manager */ = {
			isa = PBXGroup;
			children = (
				0444E67215F3AF040036D6C2 /* Project.py */,
				04D54D2416FF7EA900895CDC /* Settings.py */,
			);
			name = Manager;
			sourceTree = "<group>";
		};
		203AB3CB164C6C56004951D1 /* Tabs */ = {
			isa = PBXGroup;
			children = (
				04432D1F15EA740D00AE0D6A /* Processing.py */,
				0489963B15F6684600F4F676 /* Manager.py */,
				2052CF35164836B900B676DA /* Compare.py */,
				206665F615EB9917001A4123 /* Analyse.py */,
			);
			name = Tabs;
			sourceTree = "<group>";
		};
/* End PBXGroup section */

/* Begin PBXLegacyTarget section */
		203A4D4A163A962A009847D3 /* Proton8 */ = {
			isa = PBXLegacyTarget;
			buildArgumentsString = "$(ACTION)";
			buildConfigurationList = 203A4D4D163A962A009847D3 /* Build configuration list for PBXLegacyTarget "Proton8" */;
			buildPhases = (
			);
			buildToolPath = /Users/vxn01537/.virtual_envs/system/bin/pythonw;
			buildWorkingDirectory = /Users/vxn01537/Dropbox/Proton8;
			dependencies = (
			);
			name = Proton8;
			passBuildSettingsInEnvironment = 0;
			productName = Proton8;
		};
/* End PBXLegacyTarget section */

/* Begin PBXProject section */
		04432D1415EA73FA00AE0D6A /* Project object */ = {
			isa = PBXProject;
			attributes = {
				LastUpgradeCheck = 0460;
			};
			buildConfigurationList = 04432D1715EA73FA00AE0D6A /* Build configuration list for PBXProject "Proton8" */;
			compatibilityVersion = "Xcode 3.2";
			developmentRegion = English;
			hasScannedForEncodings = 0;
			knownRegions = (
				English,
				Japanese,
				French,
				German,
			);
			mainGroup = 04432D1215EA73FA00AE0D6A;
			projectDirPath = "";
			projectRoot = "";
			targets = (
				203A4D4A163A962A009847D3 /* Proton8 */,
			);
		};
/* End PBXProject section */

/* Begin XCBuildConfiguration section */
		04432D1515EA73FA00AE0D6A /* Debug */ = {
			isa = XCBuildConfiguration;
			buildSettings = {
				COPY_PHASE_STRIP = NO;
				MACOSX_DEPLOYMENT_TARGET = 10.8;
			};
			name = Debug;
		};
		04432D1615EA73FA00AE0D6A /* Release */ = {
			isa = XCBuildConfiguration;
			buildSettings = {
				COPY_PHASE_STRIP = YES;
				MACOSX_DEPLOYMENT_TARGET = 10.8;
			};
			name = Release;
		};
		203A4D4B163A962A009847D3 /* Debug */ = {
			isa = XCBuildConfiguration;
			buildSettings = {
				ALWAYS_SEARCH_USER_PATHS = NO;
				ARCHS = "$(ARCHS_STANDARD_64_BIT)";
				CLANG_CXX_LANGUAGE_STANDARD = "gnu++0x";
				CLANG_CXX_LIBRARY = "libc++";
				CLANG_WARN_EMPTY_BODY = YES;
				CLANG_WARN__DUPLICATE_METHOD_MATCH = YES;
				COMBINE_HIDPI_IMAGES = YES;
				DEBUGGING_SYMBOLS = YES;
				GCC_C_LANGUAGE_STANDARD = gnu99;
				GCC_DYNAMIC_NO_PIC = NO;
				GCC_ENABLE_OBJC_EXCEPTIONS = YES;
				GCC_GENERATE_DEBUGGING_SYMBOLS = YES;
				GCC_OPTIMIZATION_LEVEL = 0;
				GCC_PREPROCESSOR_DEFINITIONS = (
					"DEBUG=1",
					"$(inherited)",
				);
				GCC_SYMBOLS_PRIVATE_EXTERN = NO;
				GCC_WARN_64_TO_32_BIT_CONVERSION = YES;
				GCC_WARN_ABOUT_RETURN_TYPE = YES;
				GCC_WARN_UNINITIALIZED_AUTOS = YES;
				GCC_WARN_UNUSED_VARIABLE = YES;
				MACOSX_DEPLOYMENT_TARGET = 10.8;
				ONLY_ACTIVE_ARCH = YES;
				OTHER_CFLAGS = "";
				OTHER_LDFLAGS = "";
				PRODUCT_NAME = "$(TARGET_NAME)";
				SDKROOT = macosx;
			};
			name = Debug;
		};
		203A4D4C163A962A009847D3 /* Release */ = {
			isa = XCBuildConfiguration;
			buildSettings = {
				ALWAYS_SEARCH_USER_PATHS = NO;
				ARCHS = "$(ARCHS_STANDARD_64_BIT)";
				CLANG_CXX_LANGUAGE_STANDARD = "gnu++0x";
				CLANG_CXX_LIBRARY = "libc++";
				CLANG_WARN_EMPTY_BODY = YES;
				CLANG_WARN__DUPLICATE_METHOD_MATCH = YES;
				COMBINE_HIDPI_IMAGES = YES;
				DEBUG_INFORMATION_FORMAT = "dwarf-with-dsym";
				GCC_C_LANGUAGE_STANDARD = gnu99;
				GCC_ENABLE_OBJC_EXCEPTIONS = YES;
				GCC_WARN_64_TO_32_BIT_CONVERSION = YES;
				GCC_WARN_ABOUT_RETURN_TYPE = YES;
				GCC_WARN_UNINITIALIZED_AUTOS = YES;
				GCC_WARN_UNUSED_VARIABLE = YES;
				MACOSX_DEPLOYMENT_TARGET = 10.8;
				OTHER_CFLAGS = "";
				OTHER_LDFLAGS = "";
				PRODUCT_NAME = "$(TARGET_NAME)";
				SDKROOT = macosx;
			};
			name = Release;
		};
/* End XCBuildConfiguration section */

/* Begin XCConfigurationList section */
		04432D1715EA73FA00AE0D6A /* Build configuration list for PBXProject "Proton8" */ = {
			isa = XCConfigurationList;
			buildConfigurations = (
				04432D1515EA73FA00AE0D6A /* Debug */,
				04432D1615EA73FA00AE0D6A /* Release */,
			);
			defaultConfigurationIsVisible = 0;
			defaultConfigurationName = Release;
		};
		203A4D4D163A962A009847D3 /* Build configuration list for PBXLegacyTarget "Proton8" */ = {
			isa = XCConfigurationList;
			buildConfigurations = (
				203A4D4B163A962A009847D3 /* Debug */,
				203A4D4C163A962A009847D3 /* Release */,
			);
			defaultConfigurationIsVisible = 0;
			defaultConfigurationName = Release;
		};
/* End XCConfigurationList section */
	};
	rootObject = 04432D1415EA73FA00AE0D6A /* Project object */;
}
